
Microsoft Visual Studio Solution File, Format Version 12.00
# Visual Studio Version 17
VisualStudioVersion = 17.5.33530.505
MinimumVisualStudioVersion = 10.0.40219.1
Project("{9A19103F-16F7-4668-BE54-9A1E7A4F7556}") = "Dassie", "src\Dassie\Dassie.csproj", "{36BD714C-A9C4-448F-85BE-9D8759CEBF1E}"
EndProject
Project("{9A19103F-16F7-4668-BE54-9A1E7A4F7556}") = "Dassie.Configuration", "src\Dassie.Configuration\Dassie.Configuration.csproj", "{2363D2F2-6297-4C2B-8887-7EA3BA96BFBA}"
EndProject
Project("{9A19103F-16F7-4668-BE54-9A1E7A4F7556}") = "Dassie.Core", "src\Dassie.Core\Dassie.Core.csproj", "{5DD519D2-CB89-4389-BF4F-0E28AD977268}"
EndProject
Project("{9A19103F-16F7-4668-BE54-9A1E7A4F7556}") = "Dassie.Text", "src\Dassie.Text\Dassie.Text.csproj", "{33248CCB-CD76-47BA-92D4-5338C904133A}"
EndProject
Project("{2150E333-8FDC-42A3-9474-1A3956D46DE8}") = "Solution Items", "Solution Items", "{850FA485-CB88-4015-9072-7768FF727A8F}"
	ProjectSection(SolutionItems) = preProject
		.editorconfig = .editorconfig
	EndProjectSection
EndProject
Project("{FAE04EC0-301F-11D3-BF4B-00C04F79EFBC}") = "Dassie.Compiler", "src\Dassie.Compiler\Dassie.Compiler.csproj", "{5A1D6840-6E2A-4A46-9A9E-2A83B35A368E}"
EndProject
Global
	GlobalSection(SolutionConfigurationPlatforms) = preSolution
		Debug|Any CPU = Debug|Any CPU
		Debug|x64 = Debug|x64
		Release|Any CPU = Release|Any CPU
		Release|x64 = Release|x64
	EndGlobalSection
	GlobalSection(ProjectConfigurationPlatforms) = postSolution
		{36BD714C-A9C4-448F-85BE-9D8759CEBF1E}.Debug|Any CPU.ActiveCfg = Debug|x64
		{36BD714C-A9C4-448F-85BE-9D8759CEBF1E}.Debug|Any CPU.Build.0 = Debug|x64
		{36BD714C-A9C4-448F-85BE-9D8759CEBF1E}.Debug|x64.ActiveCfg = Debug|x64
		{36BD714C-A9C4-448F-85BE-9D8759CEBF1E}.Debug|x64.Build.0 = Debug|x64
		{36BD714C-A9C4-448F-85BE-9D8759CEBF1E}.Release|Any CPU.ActiveCfg = Release|Any CPU
		{36BD714C-A9C4-448F-85BE-9D8759CEBF1E}.Release|Any CPU.Build.0 = Release|Any CPU
		{36BD714C-A9C4-448F-85BE-9D8759CEBF1E}.Release|x64.ActiveCfg = Release|x64
		{36BD714C-A9C4-448F-85BE-9D8759CEBF1E}.Release|x64.Build.0 = Release|x64
		{2363D2F2-6297-4C2B-8887-7EA3BA96BFBA}.Debug|Any CPU.ActiveCfg = Debug|x64
		{2363D2F2-6297-4C2B-8887-7EA3BA96BFBA}.Debug|Any CPU.Build.0 = Debug|x64
		{2363D2F2-6297-4C2B-8887-7EA3BA96BFBA}.Debug|x64.ActiveCfg = Debug|x64
		{2363D2F2-6297-4C2B-8887-7EA3BA96BFBA}.Debug|x64.Build.0 = Debug|x64
		{2363D2F2-6297-4C2B-8887-7EA3BA96BFBA}.Release|Any CPU.ActiveCfg = Release|Any CPU
		{2363D2F2-6297-4C2B-8887-7EA3BA96BFBA}.Release|Any CPU.Build.0 = Release|Any CPU
		{2363D2F2-6297-4C2B-8887-7EA3BA96BFBA}.Release|x64.ActiveCfg = Release|x64
		{2363D2F2-6297-4C2B-8887-7EA3BA96BFBA}.Release|x64.Build.0 = Release|x64
		{5DD519D2-CB89-4389-BF4F-0E28AD977268}.Debug|Any CPU.ActiveCfg = Debug|x64
		{5DD519D2-CB89-4389-BF4F-0E28AD977268}.Debug|x64.ActiveCfg = Debug|x64
		{5DD519D2-CB89-4389-BF4F-0E28AD977268}.Debug|x64.Build.0 = Debug|x64
		{5DD519D2-CB89-4389-BF4F-0E28AD977268}.Release|Any CPU.ActiveCfg = Release|x64
		{5DD519D2-CB89-4389-BF4F-0E28AD977268}.Release|Any CPU.Build.0 = Release|x64
		{5DD519D2-CB89-4389-BF4F-0E28AD977268}.Release|x64.ActiveCfg = Release|x64
		{5DD519D2-CB89-4389-BF4F-0E28AD977268}.Release|x64.Build.0 = Release|x64
		{33248CCB-CD76-47BA-92D4-5338C904133A}.Debug|Any CPU.ActiveCfg = Debug|x64
		{33248CCB-CD76-47BA-92D4-5338C904133A}.Debug|x64.ActiveCfg = Debug|x64
		{33248CCB-CD76-47BA-92D4-5338C904133A}.Debug|x64.Build.0 = Debug|x64
		{33248CCB-CD76-47BA-92D4-5338C904133A}.Release|Any CPU.ActiveCfg = Release|x64
		{33248CCB-CD76-47BA-92D4-5338C904133A}.Release|Any CPU.Build.0 = Release|x64
		{33248CCB-CD76-47BA-92D4-5338C904133A}.Release|x64.ActiveCfg = Release|x64
		{33248CCB-CD76-47BA-92D4-5338C904133A}.Release|x64.Build.0 = Release|x64
		{5A1D6840-6E2A-4A46-9A9E-2A83B35A368E}.Debug|Any CPU.ActiveCfg = Debug|Any CPU
		{5A1D6840-6E2A-4A46-9A9E-2A83B35A368E}.Debug|Any CPU.Build.0 = Debug|Any CPU
		{5A1D6840-6E2A-4A46-9A9E-2A83B35A368E}.Debug|x64.ActiveCfg = Debug|Any CPU
		{5A1D6840-6E2A-4A46-9A9E-2A83B35A368E}.Debug|x64.Build.0 = Debug|Any CPU
		{5A1D6840-6E2A-4A46-9A9E-2A83B35A368E}.Release|Any CPU.ActiveCfg = Release|Any CPU
		{5A1D6840-6E2A-4A46-9A9E-2A83B35A368E}.Release|Any CPU.Build.0 = Release|Any CPU
		{5A1D6840-6E2A-4A46-9A9E-2A83B35A368E}.Release|x64.ActiveCfg = Release|Any CPU
		{5A1D6840-6E2A-4A46-9A9E-2A83B35A368E}.Release|x64.Build.0 = Release|Any CPU
	EndGlobalSection
	GlobalSection(SolutionProperties) = preSolution
		HideSolutionNode = FALSE
	EndGlobalSection
	GlobalSection(ExtensibilityGlobals) = postSolution
		SolutionGuid = {59F0376F-6082-494B-8780-A0C969EF0F9B}
	EndGlobalSection
EndGlobal
